// !$*UTF8*$!
{
	archiveVersion = 1;
	classes = {
	};
	objectVersion = 46;
	objects = {

/* Begin PBXBuildFile section */
		4DC95AB716F579E500EA5979 /* main.c in Sources */ = {isa = PBXBuildFile; fileRef = 4DC95AB616F579E500EA5979 /* main.c */; };
		4DC95AB916F579E500EA5979 /* AcDcCompiler.1 in CopyFiles */ = {isa = PBXBuildFile; fileRef = 4DC95AB816F579E500EA5979 /* AcDcCompiler.1 */; };
/* End PBXBuildFile section */

/* Begin PBXCopyFilesBuildPhase section */
		4DC95AB116F579E500EA5979 /* CopyFiles */ = {
			isa = PBXCopyFilesBuildPhase;
			buildActionMask = 2147483647;
			dstPath = /usr/share/man/man1/;
			dstSubfolderSpec = 0;
			files = (
				4DC95AB916F579E500EA5979 /* AcDcCompiler.1 in CopyFiles */,
			);
			runOnlyForDeploymentPostprocessing = 1;
		};
/* End PBXCopyFilesBuildPhase section */

/* Begin PBXFileReference section */
		4DC95AB316F579E500EA5979 /* AcDcCompiler */ = {isa = PBXFileReference; explicitFileType = "compiled.mach-o.executable"; includeInIndex = 0; path = AcDcCompiler; sourceTree = BUILT_PRODUCTS_DIR; };
		4DC95AB616F579E500EA5979 /* main.c */ = {isa = PBXFileReference; lastKnownFileType = sourcecode.c.c; path = main.c; sourceTree = "<group>"; };
		4DC95AB816F579E500EA5979 /* AcDcCompiler.1 */ = {isa = PBXFileReference; lastKnownFileType = text.man; path = AcDcCompiler.1; sourceTree = "<group>"; };
/* End PBXFileReference section */

/* Begin PBXFrameworksBuildPhase section */
		4DC95AB016F579E500EA5979 /* Frameworks */ = {
			isa = PBXFrameworksBuildPhase;
			buildActionMask = 2147483647;
			files = (
			);
			runOnlyForDeploymentPostprocessing = 0;
		};
/* End PBXFrameworksBuildPhase section */

/* Begin PBXGroup section */
		4DC95AAA16F579E500EA5979 = {
			isa = PBXGroup;
			children = (
				4DC95AB516F579E500EA5979 /* AcDcCompiler */,
				4DC95AB416F579E500EA5979 /* Products */,
			);
			sourceTree = "<group>";
		};
		4DC95AB416F579E500EA5979 /* Products */ = {
			isa = PBXGroup;
			children = (
				4DC95AB316F579E500EA5979 /* AcDcCompiler */,
			);
			name = Products;
			sourceTree = "<group>";
		};
		4DC95AB516F579E500EA5979 /* AcDcCompiler */ = {
			isa = PBXGroup;
			children = (
				4DC95AB616F579E500EA5979 /* main.c */,
				4DC95AB816F579E500EA5979 /* AcDcCompiler.1 */,
			);
			path = AcDcCompiler;
			sourceTree = "<group>";
		};
/* End PBXGroup section */

/* Begin PBXNativeTarget section */
		4DC95AB216F579E500EA5979 /* AcDcCompiler */ = {
			isa = PBXNativeTarget;
			buildConfigurationList = 4DC95ABC16F579E500EA5979 /* Build configuration list for PBXNativeTarget "AcDcCompiler" */;
			buildPhases = (
				4DC95AAF16F579E500EA5979 /* Sources */,
				4DC95AB016F579E500EA5979 /* Frameworks */,
				4DC95AB116F579E500EA5979 /* CopyFiles */,
			);
			buildRules = (
			);
			dependencies = (
			);
			name = AcDcCompiler;
			productName = AcDcCompiler;
			productReference = 4DC95AB316F579E500EA5979 /* AcDcCompiler */;
			productType = "com.apple.product-type.tool";
		};
/* End PBXNativeTarget section */

/* Begin PBXProject section */
		4DC95AAB16F579E500EA5979 /* Project object */ = {
			isa = PBXProject;
			attributes = {
				LastUpgradeCheck = 0460;
				ORGANIZATIONNAME = "Dai Peng-Yang";
			};
			buildConfigurationList = 4DC95AAE16F579E500EA5979 /* Build configuration list for PBXProject "AcDcCompiler" */;
			compatibilityVersion = "Xcode 3.2";
			developmentRegion = English;
			hasScannedForEncodings = 0;
			knownRegions = (
				en,
			);
			mainGroup = 4DC95AAA16F579E500EA5979;
			productRefGroup = 4DC95AB416F579E500EA5979 /* Products */;
			projectDirPath = "";
			projectRoot = "";
			targets = (
				4DC95AB216F579E500EA5979 /* AcDcCompiler */,
			);
		};
/* End PBXProject section */

/* Begin PBXSourcesBuildPhase section */
		4DC95AAF16F579E500EA5979 /* Sources */ = {
			isa = PBXSourcesBuildPhase;
			buildActionMask = 2147483647;
			files = (
				4DC95AB716F579E500EA5979 /* main.c in Sources */,
			);
			runOnlyForDeploymentPostprocessing = 0;
		};
/* End PBXSourcesBuildPhase section */

/* Begin XCBuildConfiguration section */
		4DC95ABA16F579E500EA5979 /* Debug */ = {
			isa = XCBuildConfiguration;
			buildSettings = {
				ALWAYS_SEARCH_USER_PATHS = NO;
				ARCHS = "$(ARCHS_STANDARD_64_BIT)";
				CLANG_CXX_LANGUAGE_STANDARD = "gnu++0x";
				CLANG_CXX_LIBRARY = "libc++";
				CLANG_WARN_CONSTANT_CONVERSION = YES;
				CLANG_WARN_EMPTY_BODY = YES;
				CLANG_WARN_ENUM_CONVERSION = YES;
				CLANG_WARN_INT_CONVERSION = YES;
				CLANG_WARN__DUPLICATE_METHOD_MATCH = YES;
				COPY_PHASE_STRIP = NO;
				GCC_C_LANGUAGE_STANDARD = gnu99;
				GCC_DYNAMIC_NO_PIC = NO;
				GCC_ENABLE_OBJC_EXCEPTIONS = YES;
				GCC_OPTIMIZATION_LEVEL = 0;
				GCC_PREPROCESSOR_DEFINITIONS = (
					"DEBUG=1",
					"$(inherited)",
				);
				GCC_SYMBOLS_PRIVATE_EXTERN = NO;
				GCC_WARN_64_TO_32_BIT_CONVERSION = YES;
				GCC_WARN_ABOUT_RETURN_TYPE = YES;
				GCC_WARN_UNINITIALIZED_AUTOS = YES;
				GCC_WARN_UNUSED_VARIABLE = YES;
				MACOSX_DEPLOYMENT_TARGET = 10.8;
				ONLY_ACTIVE_ARCH = YES;
				SDKROOT = macosx;
			};
			name = Debug;
		};
		4DC95ABB16F579E500EA5979 /* Release */ = {
			isa = XCBuildConfiguration;
			buildSettings = {
				ALWAYS_SEARCH_USER_PATHS = NO;
				ARCHS = "$(ARCHS_STANDARD_64_BIT)";
				CLANG_CXX_LANGUAGE_STANDARD = "gnu++0x";
				CLANG_CXX_LIBRARY = "libc++";
				CLANG_WARN_CONSTANT_CONVERSION = YES;
				CLANG_WARN_EMPTY_BODY = YES;
				CLANG_WARN_ENUM_CONVERSION = YES;
				CLANG_WARN_INT_CONVERSION = YES;
				CLANG_WARN__DUPLICATE_METHOD_MATCH = YES;
				COPY_PHASE_STRIP = YES;
				DEBUG_INFORMATION_FORMAT = "dwarf-with-dsym";
				GCC_C_LANGUAGE_STANDARD = gnu99;
				GCC_ENABLE_OBJC_EXCEPTIONS = YES;
				GCC_WARN_64_TO_32_BIT_CONVERSION = YES;
				GCC_WARN_ABOUT_RETURN_TYPE = YES;
				GCC_WARN_UNINITIALIZED_AUTOS = YES;
				GCC_WARN_UNUSED_VARIABLE = YES;
				MACOSX_DEPLOYMENT_TARGET = 10.8;
				SDKROOT = macosx;
			};
			name = Release;
		};
		4DC95ABD16F579E500EA5979 /* Debug */ = {
			isa = XCBuildConfiguration;
			buildSettings = {
				PRODUCT_NAME = "$(TARGET_NAME)";
			};
			name = Debug;
		};
		4DC95ABE16F579E500EA5979 /* Release */ = {
			isa = XCBuildConfiguration;
			buildSettings = {
				PRODUCT_NAME = "$(TARGET_NAME)";
			};
			name = Release;
		};
/* End XCBuildConfiguration section */

/* Begin XCConfigurationList section */
		4DC95AAE16F579E500EA5979 /* Build configuration list for PBXProject "AcDcCompiler" */ = {
			isa = XCConfigurationList;
			buildConfigurations = (
				4DC95ABA16F579E500EA5979 /* Debug */,
				4DC95ABB16F579E500EA5979 /* Release */,
			);
			defaultConfigurationIsVisible = 0;
			defaultConfigurationName = Release;
		};
		4DC95ABC16F579E500EA5979 /* Build configuration list for PBXNativeTarget "AcDcCompiler" */ = {
			isa = XCConfigurationList;
			buildConfigurations = (
				4DC95ABD16F579E500EA5979 /* Debug */,
				4DC95ABE16F579E500EA5979 /* Release */,
			);
			defaultConfigurationIsVisible = 0;
		};
/* End XCConfigurationList section */
	};
	rootObject = 4DC95AAB16F579E500EA5979 /* Project object */;
}
